// !$*UTF8*$!
{
	archiveVersion = 1;
	classes = {
	};
	objectVersion = 51;
	objects = {

/* Begin PBXBuildFile section */
		29F15CE7DC81ED1D56EABEC3 /* Pods_MVVM.framework in Frameworks */ = {isa = PBXBuildFile; fileRef = 4EEC415EAC8BD1668C890FD5 /* Pods_MVVM.framework */; };
		940B2A75250FB84600AEFA94 /* AppDelegate.swift in Sources */ = {isa = PBXBuildFile; fileRef = 940B2A74250FB84600AEFA94 /* AppDelegate.swift */; };
		940B2A77250FB84600AEFA94 /* SceneDelegate.swift in Sources */ = {isa = PBXBuildFile; fileRef = 940B2A76250FB84600AEFA94 /* SceneDelegate.swift */; };
		940B2A79250FB84600AEFA94 /* ViewController.swift in Sources */ = {isa = PBXBuildFile; fileRef = 940B2A78250FB84600AEFA94 /* ViewController.swift */; };
		940B2A7C250FB84600AEFA94 /* Main.storyboard in Resources */ = {isa = PBXBuildFile; fileRef = 940B2A7A250FB84600AEFA94 /* Main.storyboard */; };
		940B2A7E250FB84800AEFA94 /* Assets.xcassets in Resources */ = {isa = PBXBuildFile; fileRef = 940B2A7D250FB84800AEFA94 /* Assets.xcassets */; };
		940B2A81250FB84800AEFA94 /* LaunchScreen.storyboard in Resources */ = {isa = PBXBuildFile; fileRef = 940B2A7F250FB84800AEFA94 /* LaunchScreen.storyboard */; };
		940B2A8C250FB84800AEFA94 /* MVVMTests.swift in Sources */ = {isa = PBXBuildFile; fileRef = 940B2A8B250FB84800AEFA94 /* MVVMTests.swift */; };
		940B2A9D250FC0A900AEFA94 /* TodoUserList.storyboard in Resources */ = {isa = PBXBuildFile; fileRef = 940B2A9A250FC0A800AEFA94 /* TodoUserList.storyboard */; };
		940B2A9E250FC0A900AEFA94 /* TodoUserListViewController.swift in Sources */ = {isa = PBXBuildFile; fileRef = 940B2A9B250FC0A900AEFA94 /* TodoUserListViewController.swift */; };
		940B2A9F250FC0A900AEFA94 /* TodoUserTableViewCell.swift in Sources */ = {isa = PBXBuildFile; fileRef = 940B2A9C250FC0A900AEFA94 /* TodoUserTableViewCell.swift */; };
		940B2AA3250FC16500AEFA94 /* TodoUserListError.swift in Sources */ = {isa = PBXBuildFile; fileRef = 940B2AA0250FC16500AEFA94 /* TodoUserListError.swift */; };
		940B2AA4250FC16500AEFA94 /* TodoUserListProtocol.swift in Sources */ = {isa = PBXBuildFile; fileRef = 940B2AA1250FC16500AEFA94 /* TodoUserListProtocol.swift */; };
		940B2AA5250FC16500AEFA94 /* TodoUserListResponse.swift in Sources */ = {isa = PBXBuildFile; fileRef = 940B2AA2250FC16500AEFA94 /* TodoUserListResponse.swift */; };
		940B2AA7250FC16D00AEFA94 /* TodoUserTableCellViewModel.swift in Sources */ = {isa = PBXBuildFile; fileRef = 940B2AA6250FC16D00AEFA94 /* TodoUserTableCellViewModel.swift */; };
		940B2AA9250FC96400AEFA94 /* TodoUserListViewModel.swift in Sources */ = {isa = PBXBuildFile; fileRef = 940B2AA8250FC96400AEFA94 /* TodoUserListViewModel.swift */; };
		94C1AEA22511135F00661A10 /* UIViewController.swift in Sources */ = {isa = PBXBuildFile; fileRef = 94C1AE9F2511135F00661A10 /* UIViewController.swift */; };
		94C1AEA32511135F00661A10 /* CodableTransformer.swift in Sources */ = {isa = PBXBuildFile; fileRef = 94C1AEA12511135F00661A10 /* CodableTransformer.swift */; };
		94C1AEA52511142D00661A10 /* TodoUserListNetworkRouter.swift in Sources */ = {isa = PBXBuildFile; fileRef = 94C1AEA42511142D00661A10 /* TodoUserListNetworkRouter.swift */; };
		94C1AEB125111F8B00661A10 /* UserTodoListResponse.swift in Sources */ = {isa = PBXBuildFile; fileRef = 94C1AEAB25111F8A00661A10 /* UserTodoListResponse.swift */; };
		94C1AEB225111F8B00661A10 /* UserTodoNetworkRouter.swift in Sources */ = {isa = PBXBuildFile; fileRef = 94C1AEAC25111F8B00661A10 /* UserTodoNetworkRouter.swift */; };
		94C1AEB325111F8B00661A10 /* UserTodoListError.swift in Sources */ = {isa = PBXBuildFile; fileRef = 94C1AEAD25111F8B00661A10 /* UserTodoListError.swift */; };
		94C1AEB425111F8B00661A10 /* UserTodoCellViewModel.swift in Sources */ = {isa = PBXBuildFile; fileRef = 94C1AEAE25111F8B00661A10 /* UserTodoCellViewModel.swift */; };
		94C1AEB525111F8B00661A10 /* UserTodoListProtocol.swift in Sources */ = {isa = PBXBuildFile; fileRef = 94C1AEAF25111F8B00661A10 /* UserTodoListProtocol.swift */; };
		94C1AEB625111F8B00661A10 /* UserTodoListRequest.swift in Sources */ = {isa = PBXBuildFile; fileRef = 94C1AEB025111F8B00661A10 /* UserTodoListRequest.swift */; };
		94C1AEBA25111F9300661A10 /* UserTodoTableViewCell.swift in Sources */ = {isa = PBXBuildFile; fileRef = 94C1AEB725111F9300661A10 /* UserTodoTableViewCell.swift */; };
		94C1AEBB25111F9300661A10 /* UserTodoListViewController.swift in Sources */ = {isa = PBXBuildFile; fileRef = 94C1AEB825111F9300661A10 /* UserTodoListViewController.swift */; };
		94C1AEBC25111F9300661A10 /* UserTodoList.storyboard in Resources */ = {isa = PBXBuildFile; fileRef = 94C1AEB925111F9300661A10 /* UserTodoList.storyboard */; };
		94C1AEBE251126C100661A10 /* UserTodoListViewModel.swift in Sources */ = {isa = PBXBuildFile; fileRef = 94C1AEBD251126C100661A10 /* UserTodoListViewModel.swift */; };
		E39A0DD21B5CEB8BCE47F16E /* Pods_MVVMTests.framework in Frameworks */ = {isa = PBXBuildFile; fileRef = E5C970D6C8B2E0878ED12A43 /* Pods_MVVMTests.framework */; };
/* End PBXBuildFile section */

/* Begin PBXContainerItemProxy section */
		940B2A88250FB84800AEFA94 /* PBXContainerItemProxy */ = {
			isa = PBXContainerItemProxy;
			containerPortal = 940B2A69250FB84600AEFA94 /* Project object */;
			proxyType = 1;
			remoteGlobalIDString = 940B2A70250FB84600AEFA94;
			remoteInfo = MVVM;
		};
/* End PBXContainerItemProxy section */

/* Begin PBXFileReference section */
		2F5DD291F34C6223A6A3040B /* Pods-MVVM.debug.xcconfig */ = {isa = PBXFileReference; includeInIndex = 1; lastKnownFileType = text.xcconfig; name = "Pods-MVVM.debug.xcconfig"; path = "Target Support Files/Pods-MVVM/Pods-MVVM.debug.xcconfig"; sourceTree = "<group>"; };
		4EEC415EAC8BD1668C890FD5 /* Pods_MVVM.framework */ = {isa = PBXFileReference; explicitFileType = wrapper.framework; includeInIndex = 0; path = Pods_MVVM.framework; sourceTree = BUILT_PRODUCTS_DIR; };
		7EF5B82C73527D2E6D10F988 /* Pods-MVVM.release.xcconfig */ = {isa = PBXFileReference; includeInIndex = 1; lastKnownFileType = text.xcconfig; name = "Pods-MVVM.release.xcconfig"; path = "Target Support Files/Pods-MVVM/Pods-MVVM.release.xcconfig"; sourceTree = "<group>"; };
		940B2A71250FB84600AEFA94 /* MVVM.app */ = {isa = PBXFileReference; explicitFileType = wrapper.application; includeInIndex = 0; path = MVVM.app; sourceTree = BUILT_PRODUCTS_DIR; };
		940B2A74250FB84600AEFA94 /* AppDelegate.swift */ = {isa = PBXFileReference; lastKnownFileType = sourcecode.swift; path = AppDelegate.swift; sourceTree = "<group>"; };
		940B2A76250FB84600AEFA94 /* SceneDelegate.swift */ = {isa = PBXFileReference; lastKnownFileType = sourcecode.swift; path = SceneDelegate.swift; sourceTree = "<group>"; };
		940B2A78250FB84600AEFA94 /* ViewController.swift */ = {isa = PBXFileReference; lastKnownFileType = sourcecode.swift; path = ViewController.swift; sourceTree = "<group>"; };
		940B2A7B250FB84600AEFA94 /* Base */ = {isa = PBXFileReference; lastKnownFileType = file.storyboard; name = Base; path = Base.lproj/Main.storyboard; sourceTree = "<group>"; };
		940B2A7D250FB84800AEFA94 /* Assets.xcassets */ = {isa = PBXFileReference; lastKnownFileType = folder.assetcatalog; path = Assets.xcassets; sourceTree = "<group>"; };
		940B2A80250FB84800AEFA94 /* Base */ = {isa = PBXFileReference; lastKnownFileType = file.storyboard; name = Base; path = Base.lproj/LaunchScreen.storyboard; sourceTree = "<group>"; };
		940B2A82250FB84800AEFA94 /* Info.plist */ = {isa = PBXFileReference; lastKnownFileType = text.plist.xml; path = Info.plist; sourceTree = "<group>"; };
		940B2A87250FB84800AEFA94 /* MVVMTests.xctest */ = {isa = PBXFileReference; explicitFileType = wrapper.cfbundle; includeInIndex = 0; path = MVVMTests.xctest; sourceTree = BUILT_PRODUCTS_DIR; };
		940B2A8B250FB84800AEFA94 /* MVVMTests.swift */ = {isa = PBXFileReference; lastKnownFileType = sourcecode.swift; path = MVVMTests.swift; sourceTree = "<group>"; };
		940B2A8D250FB84800AEFA94 /* Info.plist */ = {isa = PBXFileReference; lastKnownFileType = text.plist.xml; path = Info.plist; sourceTree = "<group>"; };
		940B2A9A250FC0A800AEFA94 /* TodoUserList.storyboard */ = {isa = PBXFileReference; fileEncoding = 4; lastKnownFileType = file.storyboard; path = TodoUserList.storyboard; sourceTree = "<group>"; };
		940B2A9B250FC0A900AEFA94 /* TodoUserListViewController.swift */ = {isa = PBXFileReference; fileEncoding = 4; lastKnownFileType = sourcecode.swift; path = TodoUserListViewController.swift; sourceTree = "<group>"; };
		940B2A9C250FC0A900AEFA94 /* TodoUserTableViewCell.swift */ = {isa = PBXFileReference; fileEncoding = 4; lastKnownFileType = sourcecode.swift; path = TodoUserTableViewCell.swift; sourceTree = "<group>"; };
		940B2AA0250FC16500AEFA94 /* TodoUserListError.swift */ = {isa = PBXFileReference; fileEncoding = 4; lastKnownFileType = sourcecode.swift; path = TodoUserListError.swift; sourceTree = "<group>"; };
		940B2AA1250FC16500AEFA94 /* TodoUserListProtocol.swift */ = {isa = PBXFileReference; fileEncoding = 4; lastKnownFileType = sourcecode.swift; path = TodoUserListProtocol.swift; sourceTree = "<group>"; };
		940B2AA2250FC16500AEFA94 /* TodoUserListResponse.swift */ = {isa = PBXFileReference; fileEncoding = 4; lastKnownFileType = sourcecode.swift; path = TodoUserListResponse.swift; sourceTree = "<group>"; };
		940B2AA6250FC16D00AEFA94 /* TodoUserTableCellViewModel.swift */ = {isa = PBXFileReference; fileEncoding = 4; lastKnownFileType = sourcecode.swift; path = TodoUserTableCellViewModel.swift; sourceTree = "<group>"; };
		940B2AA8250FC96400AEFA94 /* TodoUserListViewModel.swift */ = {isa = PBXFileReference; lastKnownFileType = sourcecode.swift; path = TodoUserListViewModel.swift; sourceTree = "<group>"; };
		94C1AE9F2511135F00661A10 /* UIViewController.swift */ = {isa = PBXFileReference; fileEncoding = 4; lastKnownFileType = sourcecode.swift; path = UIViewController.swift; sourceTree = "<group>"; };
		94C1AEA12511135F00661A10 /* CodableTransformer.swift */ = {isa = PBXFileReference; fileEncoding = 4; lastKnownFileType = sourcecode.swift; path = CodableTransformer.swift; sourceTree = "<group>"; };
		94C1AEA42511142D00661A10 /* TodoUserListNetworkRouter.swift */ = {isa = PBXFileReference; fileEncoding = 4; lastKnownFileType = sourcecode.swift; path = TodoUserListNetworkRouter.swift; sourceTree = "<group>"; };
		94C1AEAB25111F8A00661A10 /* UserTodoListResponse.swift */ = {isa = PBXFileReference; fileEncoding = 4; lastKnownFileType = sourcecode.swift; path = UserTodoListResponse.swift; sourceTree = "<group>"; };
		94C1AEAC25111F8B00661A10 /* UserTodoNetworkRouter.swift */ = {isa = PBXFileReference; fileEncoding = 4; lastKnownFileType = sourcecode.swift; path = UserTodoNetworkRouter.swift; sourceTree = "<group>"; };
		94C1AEAD25111F8B00661A10 /* UserTodoListError.swift */ = {isa = PBXFileReference; fileEncoding = 4; lastKnownFileType = sourcecode.swift; path = UserTodoListError.swift; sourceTree = "<group>"; };
		94C1AEAE25111F8B00661A10 /* UserTodoCellViewModel.swift */ = {isa = PBXFileReference; fileEncoding = 4; lastKnownFileType = sourcecode.swift; path = UserTodoCellViewModel.swift; sourceTree = "<group>"; };
		94C1AEAF25111F8B00661A10 /* UserTodoListProtocol.swift */ = {isa = PBXFileReference; fileEncoding = 4; lastKnownFileType = sourcecode.swift; path = UserTodoListProtocol.swift; sourceTree = "<group>"; };
		94C1AEB025111F8B00661A10 /* UserTodoListRequest.swift */ = {isa = PBXFileReference; fileEncoding = 4; lastKnownFileType = sourcecode.swift; path = UserTodoListRequest.swift; sourceTree = "<group>"; };
		94C1AEB725111F9300661A10 /* UserTodoTableViewCell.swift */ = {isa = PBXFileReference; fileEncoding = 4; lastKnownFileType = sourcecode.swift; path = UserTodoTableViewCell.swift; sourceTree = "<group>"; };
		94C1AEB825111F9300661A10 /* UserTodoListViewController.swift */ = {isa = PBXFileReference; fileEncoding = 4; lastKnownFileType = sourcecode.swift; path = UserTodoListViewController.swift; sourceTree = "<group>"; };
		94C1AEB925111F9300661A10 /* UserTodoList.storyboard */ = {isa = PBXFileReference; fileEncoding = 4; lastKnownFileType = file.storyboard; path = UserTodoList.storyboard; sourceTree = "<group>"; };
		94C1AEBD251126C100661A10 /* UserTodoListViewModel.swift */ = {isa = PBXFileReference; lastKnownFileType = sourcecode.swift; path = UserTodoListViewModel.swift; sourceTree = "<group>"; };
		A26D779EB472457A4CA1D03F /* Pods-MVVMTests.release.xcconfig */ = {isa = PBXFileReference; includeInIndex = 1; lastKnownFileType = text.xcconfig; name = "Pods-MVVMTests.release.xcconfig"; path = "Target Support Files/Pods-MVVMTests/Pods-MVVMTests.release.xcconfig"; sourceTree = "<group>"; };
		E5C970D6C8B2E0878ED12A43 /* Pods_MVVMTests.framework */ = {isa = PBXFileReference; explicitFileType = wrapper.framework; includeInIndex = 0; path = Pods_MVVMTests.framework; sourceTree = BUILT_PRODUCTS_DIR; };
		F8BAFB80A815906C403C5DA2 /* Pods-MVVMTests.debug.xcconfig */ = {isa = PBXFileReference; includeInIndex = 1; lastKnownFileType = text.xcconfig; name = "Pods-MVVMTests.debug.xcconfig"; path = "Target Support Files/Pods-MVVMTests/Pods-MVVMTests.debug.xcconfig"; sourceTree = "<group>"; };
/* End PBXFileReference section */

/* Begin PBXFrameworksBuildPhase section */
		940B2A6E250FB84600AEFA94 /* Frameworks */ = {
			isa = PBXFrameworksBuildPhase;
			buildActionMask = 2147483647;
			files = (
				29F15CE7DC81ED1D56EABEC3 /* Pods_MVVM.framework in Frameworks */,
			);
			runOnlyForDeploymentPostprocessing = 0;
		};
		940B2A84250FB84800AEFA94 /* Frameworks */ = {
			isa = PBXFrameworksBuildPhase;
			buildActionMask = 2147483647;
			files = (
				E39A0DD21B5CEB8BCE47F16E /* Pods_MVVMTests.framework in Frameworks */,
			);
			runOnlyForDeploymentPostprocessing = 0;
		};
/* End PBXFrameworksBuildPhase section */

/* Begin PBXGroup section */
		940B2A68250FB84600AEFA94 = {
			isa = PBXGroup;
			children = (
				940B2A73250FB84600AEFA94 /* MVVM */,
				940B2A8A250FB84800AEFA94 /* MVVMTests */,
				940B2A72250FB84600AEFA94 /* Products */,
				B4C7DF4F0278B32CFBEA963F /* Pods */,
				E9C2000C7C944B98A4033B39 /* Frameworks */,
			);
			sourceTree = "<group>";
		};
		940B2A72250FB84600AEFA94 /* Products */ = {
			isa = PBXGroup;
			children = (
				940B2A71250FB84600AEFA94 /* MVVM.app */,
				940B2A87250FB84800AEFA94 /* MVVMTests.xctest */,
			);
			name = Products;
			sourceTree = "<group>";
		};
		940B2A73250FB84600AEFA94 /* MVVM */ = {
			isa = PBXGroup;
			children = (
				94C1AEA625111F1A00661A10 /* UserTodoList */,
				94C1AE9D2511135F00661A10 /* Common */,
				940B2A96250FC03400AEFA94 /* TodoUserList */,
				940B2A74250FB84600AEFA94 /* AppDelegate.swift */,
				940B2A76250FB84600AEFA94 /* SceneDelegate.swift */,
				940B2A78250FB84600AEFA94 /* ViewController.swift */,
				940B2A7A250FB84600AEFA94 /* Main.storyboard */,
				940B2A7D250FB84800AEFA94 /* Assets.xcassets */,
				940B2A7F250FB84800AEFA94 /* LaunchScreen.storyboard */,
				940B2A82250FB84800AEFA94 /* Info.plist */,
			);
			path = MVVM;
			sourceTree = "<group>";
		};
		940B2A8A250FB84800AEFA94 /* MVVMTests */ = {
			isa = PBXGroup;
			children = (
				940B2A8B250FB84800AEFA94 /* MVVMTests.swift */,
				940B2A8D250FB84800AEFA94 /* Info.plist */,
			);
			path = MVVMTests;
			sourceTree = "<group>";
		};
		940B2A96250FC03400AEFA94 /* TodoUserList */ = {
			isa = PBXGroup;
			children = (
				940B2A99250FC04B00AEFA94 /* ViewModel */,
				940B2A98250FC04700AEFA94 /* View */,
				940B2A97250FC03F00AEFA94 /* Model */,
			);
			path = TodoUserList;
			sourceTree = "<group>";
		};
		940B2A97250FC03F00AEFA94 /* Model */ = {
			isa = PBXGroup;
			children = (
				940B2AA0250FC16500AEFA94 /* TodoUserListError.swift */,
				940B2AA1250FC16500AEFA94 /* TodoUserListProtocol.swift */,
				940B2AA2250FC16500AEFA94 /* TodoUserListResponse.swift */,
				94C1AEA42511142D00661A10 /* TodoUserListNetworkRouter.swift */,
			);
			path = Model;
			sourceTree = "<group>";
		};
		940B2A98250FC04700AEFA94 /* View */ = {
			isa = PBXGroup;
			children = (
				940B2A9A250FC0A800AEFA94 /* TodoUserList.storyboard */,
				940B2A9B250FC0A900AEFA94 /* TodoUserListViewController.swift */,
				940B2A9C250FC0A900AEFA94 /* TodoUserTableViewCell.swift */,
			);
			path = View;
			sourceTree = "<group>";
		};
		940B2A99250FC04B00AEFA94 /* ViewModel */ = {
			isa = PBXGroup;
			children = (
				940B2AA6250FC16D00AEFA94 /* TodoUserTableCellViewModel.swift */,
				940B2AA8250FC96400AEFA94 /* TodoUserListViewModel.swift */,
			);
			path = ViewModel;
			sourceTree = "<group>";
		};
		94C1AE9D2511135F00661A10 /* Common */ = {
			isa = PBXGroup;
			children = (
				94C1AE9E2511135F00661A10 /* Extension */,
				94C1AEA02511135F00661A10 /* Helper */,
			);
			path = Common;
			sourceTree = "<group>";
		};
		94C1AE9E2511135F00661A10 /* Extension */ = {
			isa = PBXGroup;
			children = (
				94C1AE9F2511135F00661A10 /* UIViewController.swift */,
			);
			path = Extension;
			sourceTree = "<group>";
		};
		94C1AEA02511135F00661A10 /* Helper */ = {
			isa = PBXGroup;
			children = (
				94C1AEA12511135F00661A10 /* CodableTransformer.swift */,
			);
			path = Helper;
			sourceTree = "<group>";
		};
		94C1AEA625111F1A00661A10 /* UserTodoList */ = {
			isa = PBXGroup;
			children = (
				94C1AEAA25111F2E00661A10 /* ViewModel */,
				94C1AEA925111F2900661A10 /* View */,
				94C1AEA825111F2500661A10 /* Model */,
			);
			path = UserTodoList;
			sourceTree = "<group>";
		};
		94C1AEA825111F2500661A10 /* Model */ = {
			isa = PBXGroup;
			children = (
				94C1AEAD25111F8B00661A10 /* UserTodoListError.swift */,
				94C1AEAF25111F8B00661A10 /* UserTodoListProtocol.swift */,
				94C1AEB025111F8B00661A10 /* UserTodoListRequest.swift */,
				94C1AEAB25111F8A00661A10 /* UserTodoListResponse.swift */,
				94C1AEAC25111F8B00661A10 /* UserTodoNetworkRouter.swift */,
			);
			path = Model;
			sourceTree = "<group>";
		};
		94C1AEA925111F2900661A10 /* View */ = {
			isa = PBXGroup;
			children = (
				94C1AEB925111F9300661A10 /* UserTodoList.storyboard */,
				94C1AEB825111F9300661A10 /* UserTodoListViewController.swift */,
				94C1AEB725111F9300661A10 /* UserTodoTableViewCell.swift */,
			);
			path = View;
			sourceTree = "<group>";
		};
		94C1AEAA25111F2E00661A10 /* ViewModel */ = {
			isa = PBXGroup;
			children = (
				94C1AEAE25111F8B00661A10 /* UserTodoCellViewModel.swift */,
				94C1AEBD251126C100661A10 /* UserTodoListViewModel.swift */,
			);
			path = ViewModel;
			sourceTree = "<group>";
		};
		B4C7DF4F0278B32CFBEA963F /* Pods */ = {
			isa = PBXGroup;
			children = (
				2F5DD291F34C6223A6A3040B /* Pods-MVVM.debug.xcconfig */,
				7EF5B82C73527D2E6D10F988 /* Pods-MVVM.release.xcconfig */,
				F8BAFB80A815906C403C5DA2 /* Pods-MVVMTests.debug.xcconfig */,
				A26D779EB472457A4CA1D03F /* Pods-MVVMTests.release.xcconfig */,
			);
			path = Pods;
			sourceTree = "<group>";
		};
		E9C2000C7C944B98A4033B39 /* Frameworks */ = {
			isa = PBXGroup;
			children = (
				4EEC415EAC8BD1668C890FD5 /* Pods_MVVM.framework */,
				E5C970D6C8B2E0878ED12A43 /* Pods_MVVMTests.framework */,
			);
			name = Frameworks;
			sourceTree = "<group>";
		};
/* End PBXGroup section */

/* Begin PBXNativeTarget section */
		940B2A70250FB84600AEFA94 /* MVVM */ = {
			isa = PBXNativeTarget;
			buildConfigurationList = 940B2A90250FB84800AEFA94 /* Build configuration list for PBXNativeTarget "MVVM" */;
			buildPhases = (
				6AB449653F4951097F24995C /* [CP] Check Pods Manifest.lock */,
				940B2A6D250FB84600AEFA94 /* Sources */,
				940B2A6E250FB84600AEFA94 /* Frameworks */,
				940B2A6F250FB84600AEFA94 /* Resources */,
				2B0DA9F3B5B6E08824ED9841 /* [CP] Embed Pods Frameworks */,
			);
			buildRules = (
			);
			dependencies = (
			);
			name = MVVM;
			productName = MVVM;
			productReference = 940B2A71250FB84600AEFA94 /* MVVM.app */;
			productType = "com.apple.product-type.application";
		};
		940B2A86250FB84800AEFA94 /* MVVMTests */ = {
			isa = PBXNativeTarget;
			buildConfigurationList = 940B2A93250FB84800AEFA94 /* Build configuration list for PBXNativeTarget "MVVMTests" */;
			buildPhases = (
				45C1102F82356E828551F2A8 /* [CP] Check Pods Manifest.lock */,
				940B2A83250FB84800AEFA94 /* Sources */,
				940B2A84250FB84800AEFA94 /* Frameworks */,
				940B2A85250FB84800AEFA94 /* Resources */,
			);
			buildRules = (
			);
			dependencies = (
				940B2A89250FB84800AEFA94 /* PBXTargetDependency */,
			);
			name = MVVMTests;
			productName = MVVMTests;
			productReference = 940B2A87250FB84800AEFA94 /* MVVMTests.xctest */;
			productType = "com.apple.product-type.bundle.unit-test";
		};
/* End PBXNativeTarget section */

/* Begin PBXProject section */
		940B2A69250FB84600AEFA94 /* Project object */ = {
			isa = PBXProject;
			attributes = {
				LastSwiftUpdateCheck = 1130;
				LastUpgradeCheck = 1130;
				ORGANIZATIONNAME = Learning;
				TargetAttributes = {
					940B2A70250FB84600AEFA94 = {
						CreatedOnToolsVersion = 11.3.1;
					};
					940B2A86250FB84800AEFA94 = {
						CreatedOnToolsVersion = 11.3.1;
						TestTargetID = 940B2A70250FB84600AEFA94;
					};
				};
			};
			buildConfigurationList = 940B2A6C250FB84600AEFA94 /* Build configuration list for PBXProject "MVVM" */;
			compatibilityVersion = "Xcode 9.3";
			developmentRegion = en;
			hasScannedForEncodings = 0;
			knownRegions = (
				en,
				Base,
			);
			mainGroup = 940B2A68250FB84600AEFA94;
			productRefGroup = 940B2A72250FB84600AEFA94 /* Products */;
			projectDirPath = "";
			projectRoot = "";
			targets = (
				940B2A70250FB84600AEFA94 /* MVVM */,
				940B2A86250FB84800AEFA94 /* MVVMTests */,
			);
		};
/* End PBXProject section */

/* Begin PBXResourcesBuildPhase section */
		940B2A6F250FB84600AEFA94 /* Resources */ = {
			isa = PBXResourcesBuildPhase;
			buildActionMask = 2147483647;
			files = (
				940B2A81250FB84800AEFA94 /* LaunchScreen.storyboard in Resources */,
				94C1AEBC25111F9300661A10 /* UserTodoList.storyboard in Resources */,
				940B2A7E250FB84800AEFA94 /* Assets.xcassets in Resources */,
				940B2A7C250FB84600AEFA94 /* Main.storyboard in Resources */,
				940B2A9D250FC0A900AEFA94 /* TodoUserList.storyboard in Resources */,
			);
			runOnlyForDeploymentPostprocessing = 0;
		};
		940B2A85250FB84800AEFA94 /* Resources */ = {
			isa = PBXResourcesBuildPhase;
			buildActionMask = 2147483647;
			files = (
			);
			runOnlyForDeploymentPostprocessing = 0;
		};
/* End PBXResourcesBuildPhase section */

/* Begin PBXShellScriptBuildPhase section */
		2B0DA9F3B5B6E08824ED9841 /* [CP] Embed Pods Frameworks */ = {
			isa = PBXShellScriptBuildPhase;
			buildActionMask = 2147483647;
			files = (
			);
			inputFileListPaths = (
				"${PODS_ROOT}/Target Support Files/Pods-MVVM/Pods-MVVM-frameworks-${CONFIGURATION}-input-files.xcfilelist",
			);
			name = "[CP] Embed Pods Frameworks";
			outputFileListPaths = (
				"${PODS_ROOT}/Target Support Files/Pods-MVVM/Pods-MVVM-frameworks-${CONFIGURATION}-output-files.xcfilelist",
			);
			runOnlyForDeploymentPostprocessing = 0;
			shellPath = /bin/sh;
			shellScript = "\"${PODS_ROOT}/Target Support Files/Pods-MVVM/Pods-MVVM-frameworks.sh\"\n";
			showEnvVarsInLog = 0;
		};
		45C1102F82356E828551F2A8 /* [CP] Check Pods Manifest.lock */ = {
			isa = PBXShellScriptBuildPhase;
			buildActionMask = 2147483647;
			files = (
			);
			inputFileListPaths = (
			);
			inputPaths = (
				"${PODS_PODFILE_DIR_PATH}/Podfile.lock",
				"${PODS_ROOT}/Manifest.lock",
			);
			name = "[CP] Check Pods Manifest.lock";
			outputFileListPaths = (
			);
			outputPaths = (
				"$(DERIVED_FILE_DIR)/Pods-MVVMTests-checkManifestLockResult.txt",
			);
			runOnlyForDeploymentPostprocessing = 0;
			shellPath = /bin/sh;
			shellScript = "diff \"${PODS_PODFILE_DIR_PATH}/Podfile.lock\" \"${PODS_ROOT}/Manifest.lock\" > /dev/null\nif [ $? != 0 ] ; then\n    # print error to STDERR\n    echo \"error: The sandbox is not in sync with the Podfile.lock. Run 'pod install' or update your CocoaPods installation.\" >&2\n    exit 1\nfi\n# This output is used by Xcode 'outputs' to avoid re-running this script phase.\necho \"SUCCESS\" > \"${SCRIPT_OUTPUT_FILE_0}\"\n";
			showEnvVarsInLog = 0;
		};
		6AB449653F4951097F24995C /* [CP] Check Pods Manifest.lock */ = {
			isa = PBXShellScriptBuildPhase;
			buildActionMask = 2147483647;
			files = (
			);
			inputFileListPaths = (
			);
			inputPaths = (
				"${PODS_PODFILE_DIR_PATH}/Podfile.lock",
				"${PODS_ROOT}/Manifest.lock",
			);
			name = "[CP] Check Pods Manifest.lock";
			outputFileListPaths = (
			);
			outputPaths = (
				"$(DERIVED_FILE_DIR)/Pods-MVVM-checkManifestLockResult.txt",
			);
			runOnlyForDeploymentPostprocessing = 0;
			shellPath = /bin/sh;
			shellScript = "diff \"${PODS_PODFILE_DIR_PATH}/Podfile.lock\" \"${PODS_ROOT}/Manifest.lock\" > /dev/null\nif [ $? != 0 ] ; then\n    # print error to STDERR\n    echo \"error: The sandbox is not in sync with the Podfile.lock. Run 'pod install' or update your CocoaPods installation.\" >&2\n    exit 1\nfi\n# This output is used by Xcode 'outputs' to avoid re-running this script phase.\necho \"SUCCESS\" > \"${SCRIPT_OUTPUT_FILE_0}\"\n";
			showEnvVarsInLog = 0;
		};
/* End PBXShellScriptBuildPhase section */

/* Begin PBXSourcesBuildPhase section */
		940B2A6D250FB84600AEFA94 /* Sources */ = {
			isa = PBXSourcesBuildPhase;
			buildActionMask = 2147483647;
			files = (
				940B2A9F250FC0A900AEFA94 /* TodoUserTableViewCell.swift in Sources */,
				940B2AA3250FC16500AEFA94 /* TodoUserListError.swift in Sources */,
				94C1AEA52511142D00661A10 /* TodoUserListNetworkRouter.swift in Sources */,
				94C1AEBE251126C100661A10 /* UserTodoListViewModel.swift in Sources */,
				940B2AA7250FC16D00AEFA94 /* TodoUserTableCellViewModel.swift in Sources */,
				94C1AEA22511135F00661A10 /* UIViewController.swift in Sources */,
				940B2AA9250FC96400AEFA94 /* TodoUserListViewModel.swift in Sources */,
				940B2AA4250FC16500AEFA94 /* TodoUserListProtocol.swift in Sources */,
				94C1AEB125111F8B00661A10 /* UserTodoListResponse.swift in Sources */,
				94C1AEB525111F8B00661A10 /* UserTodoListProtocol.swift in Sources */,
				940B2A79250FB84600AEFA94 /* ViewController.swift in Sources */,
				94C1AEBA25111F9300661A10 /* UserTodoTableViewCell.swift in Sources */,
				940B2A75250FB84600AEFA94 /* AppDelegate.swift in Sources */,
				94C1AEA32511135F00661A10 /* CodableTransformer.swift in Sources */,
				94C1AEB625111F8B00661A10 /* UserTodoListRequest.swift in Sources */,
				94C1AEBB25111F9300661A10 /* UserTodoListViewController.swift in Sources */,
				940B2AA5250FC16500AEFA94 /* TodoUserListResponse.swift in Sources */,
				94C1AEB425111F8B00661A10 /* UserTodoCellViewModel.swift in Sources */,
				940B2A9E250FC0A900AEFA94 /* TodoUserListViewController.swift in Sources */,
				94C1AEB325111F8B00661A10 /* UserTodoListError.swift in Sources */,
				940B2A77250FB84600AEFA94 /* SceneDelegate.swift in Sources */,
				94C1AEB225111F8B00661A10 /* UserTodoNetworkRouter.swift in Sources */,
			);
			runOnlyForDeploymentPostprocessing = 0;
		};
		940B2A83250FB84800AEFA94 /* Sources */ = {
			isa = PBXSourcesBuildPhase;
			buildActionMask = 2147483647;
			files = (
				940B2A8C250FB84800AEFA94 /* MVVMTests.swift in Sources */,
			);
			runOnlyForDeploymentPostprocessing = 0;
		};
/* End PBXSourcesBuildPhase section */

/* Begin PBXTargetDependency section */
		940B2A89250FB84800AEFA94 /* PBXTargetDependency */ = {
			isa = PBXTargetDependency;
			target = 940B2A70250FB84600AEFA94 /* MVVM */;
			targetProxy = 940B2A88250FB84800AEFA94 /* PBXContainerItemProxy */;
		};
/* End PBXTargetDependency section */

/* Begin PBXVariantGroup section */
		940B2A7A250FB84600AEFA94 /* Main.storyboard */ = {
			isa = PBXVariantGroup;
			children = (
				940B2A7B250FB84600AEFA94 /* Base */,
			);
			name = Main.storyboard;
			sourceTree = "<group>";
		};
		940B2A7F250FB84800AEFA94 /* LaunchScreen.storyboard */ = {
			isa = PBXVariantGroup;
			children = (
				940B2A80250FB84800AEFA94 /* Base */,
			);
			name = LaunchScreen.storyboard;
			sourceTree = "<group>";
		};
/* End PBXVariantGroup section */

/* Begin XCBuildConfiguration section */
		940B2A8E250FB84800AEFA94 /* Debug */ = {
			isa = XCBuildConfiguration;
			buildSettings = {
				ALWAYS_SEARCH_USER_PATHS = NO;
				CLANG_ANALYZER_NONNULL = YES;
				CLANG_ANALYZER_NUMBER_OBJECT_CONVERSION = YES_AGGRESSIVE;
				CLANG_CXX_LANGUAGE_STANDARD = "gnu++14";
				CLANG_CXX_LIBRARY = "libc++";
				CLANG_ENABLE_MODULES = YES;
				CLANG_ENABLE_OBJC_ARC = YES;
				CLANG_ENABLE_OBJC_WEAK = YES;
				CLANG_WARN_BLOCK_CAPTURE_AUTORELEASING = YES;
				CLANG_WARN_BOOL_CONVERSION = YES;
				CLANG_WARN_COMMA = YES;
				CLANG_WARN_CONSTANT_CONVERSION = YES;
				CLANG_WARN_DEPRECATED_OBJC_IMPLEMENTATIONS = YES;
				CLANG_WARN_DIRECT_OBJC_ISA_USAGE = YES_ERROR;
				CLANG_WARN_DOCUMENTATION_COMMENTS = YES;
				CLANG_WARN_EMPTY_BODY = YES;
				CLANG_WARN_ENUM_CONVERSION = YES;
				CLANG_WARN_INFINITE_RECURSION = YES;
				CLANG_WARN_INT_CONVERSION = YES;
				CLANG_WARN_NON_LITERAL_NULL_CONVERSION = YES;
				CLANG_WARN_OBJC_IMPLICIT_RETAIN_SELF = YES;
				CLANG_WARN_OBJC_LITERAL_CONVERSION = YES;
				CLANG_WARN_OBJC_ROOT_CLASS = YES_ERROR;
				CLANG_WARN_RANGE_LOOP_ANALYSIS = YES;
				CLANG_WARN_STRICT_PROTOTYPES = YES;
				CLANG_WARN_SUSPICIOUS_MOVE = YES;
				CLANG_WARN_UNGUARDED_AVAILABILITY = YES_AGGRESSIVE;
				CLANG_WARN_UNREACHABLE_CODE = YES;
				CLANG_WARN__DUPLICATE_METHOD_MATCH = YES;
				COPY_PHASE_STRIP = NO;
				DEBUG_INFORMATION_FORMAT = dwarf;
				ENABLE_STRICT_OBJC_MSGSEND = YES;
				ENABLE_TESTABILITY = YES;
				GCC_C_LANGUAGE_STANDARD = gnu11;
				GCC_DYNAMIC_NO_PIC = NO;
				GCC_NO_COMMON_BLOCKS = YES;
				GCC_OPTIMIZATION_LEVEL = 0;
				GCC_PREPROCESSOR_DEFINITIONS = (
					"DEBUG=1",
					"$(inherited)",
				);
				GCC_WARN_64_TO_32_BIT_CONVERSION = YES;
				GCC_WARN_ABOUT_RETURN_TYPE = YES_ERROR;
				GCC_WARN_UNDECLARED_SELECTOR = YES;
				GCC_WARN_UNINITIALIZED_AUTOS = YES_AGGRESSIVE;
				GCC_WARN_UNUSED_FUNCTION = YES;
				GCC_WARN_UNUSED_VARIABLE = YES;
				IPHONEOS_DEPLOYMENT_TARGET = 13.2;
				MTL_ENABLE_DEBUG_INFO = INCLUDE_SOURCE;
				MTL_FAST_MATH = YES;
				ONLY_ACTIVE_ARCH = YES;
				SDKROOT = iphoneos;
				SWIFT_ACTIVE_COMPILATION_CONDITIONS = DEBUG;
				SWIFT_OPTIMIZATION_LEVEL = "-Onone";
			};
			name = Debug;
		};
		940B2A8F250FB84800AEFA94 /* Release */ = {
			isa = XCBuildConfiguration;
			buildSettings = {
				ALWAYS_SEARCH_USER_PATHS = NO;
				CLANG_ANALYZER_NONNULL = YES;
				CLANG_ANALYZER_NUMBER_OBJECT_CONVERSION = YES_AGGRESSIVE;
				CLANG_CXX_LANGUAGE_STANDARD = "gnu++14";
				CLANG_CXX_LIBRARY = "libc++";
				CLANG_ENABLE_MODULES = YES;
				CLANG_ENABLE_OBJC_ARC = YES;
				CLANG_ENABLE_OBJC_WEAK = YES;
				CLANG_WARN_BLOCK_CAPTURE_AUTORELEASING = YES;
				CLANG_WARN_BOOL_CONVERSION = YES;
				CLANG_WARN_COMMA = YES;
				CLANG_WARN_CONSTANT_CONVERSION = YES;
				CLANG_WARN_DEPRECATED_OBJC_IMPLEMENTATIONS = YES;
				CLANG_WARN_DIRECT_OBJC_ISA_USAGE = YES_ERROR;
				CLANG_WARN_DOCUMENTATION_COMMENTS = YES;
				CLANG_WARN_EMPTY_BODY = YES;
				CLANG_WARN_ENUM_CONVERSION = YES;
				CLANG_WARN_INFINITE_RECURSION = YES;
				CLANG_WARN_INT_CONVERSION = YES;
				CLANG_WARN_NON_LITERAL_NULL_CONVERSION = YES;
				CLANG_WARN_OBJC_IMPLICIT_RETAIN_SELF = YES;
				CLANG_WARN_OBJC_LITERAL_CONVERSION = YES;
				CLANG_WARN_OBJC_ROOT_CLASS = YES_ERROR;
				CLANG_WARN_RANGE_LOOP_ANALYSIS = YES;
				CLANG_WARN_STRICT_PROTOTYPES = YES;
				CLANG_WARN_SUSPICIOUS_MOVE = YES;
				CLANG_WARN_UNGUARDED_AVAILABILITY = YES_AGGRESSIVE;
				CLANG_WARN_UNREACHABLE_CODE = YES;
				CLANG_WARN__DUPLICATE_METHOD_MATCH = YES;
				COPY_PHASE_STRIP = NO;
				DEBUG_INFORMATION_FORMAT = "dwarf-with-dsym";
				ENABLE_NS_ASSERTIONS = NO;
				ENABLE_STRICT_OBJC_MSGSEND = YES;
				GCC_C_LANGUAGE_STANDARD = gnu11;
				GCC_NO_COMMON_BLOCKS = YES;
				GCC_WARN_64_TO_32_BIT_CONVERSION = YES;
				GCC_WARN_ABOUT_RETURN_TYPE = YES_ERROR;
				GCC_WARN_UNDECLARED_SELECTOR = YES;
				GCC_WARN_UNINITIALIZED_AUTOS = YES_AGGRESSIVE;
				GCC_WARN_UNUSED_FUNCTION = YES;
				GCC_WARN_UNUSED_VARIABLE = YES;
				IPHONEOS_DEPLOYMENT_TARGET = 13.2;
				MTL_ENABLE_DEBUG_INFO = NO;
				MTL_FAST_MATH = YES;
				SDKROOT = iphoneos;
				SWIFT_COMPILATION_MODE = wholemodule;
				SWIFT_OPTIMIZATION_LEVEL = "-O";
				VALIDATE_PRODUCT = YES;
			};
			name = Release;
		};
		940B2A91250FB84800AEFA94 /* Debug */ = {
			isa = XCBuildConfiguration;
			baseConfigurationReference = 2F5DD291F34C6223A6A3040B /* Pods-MVVM.debug.xcconfig */;
			buildSettings = {
				ASSETCATALOG_COMPILER_APPICON_NAME = AppIcon;
				CODE_SIGN_STYLE = Automatic;
				DEVELOPMENT_TEAM = TGMD963KYP;
				INFOPLIST_FILE = MVVM/Info.plist;
				LD_RUNPATH_SEARCH_PATHS = (
					"$(inherited)",
					"@executable_path/Frameworks",
				);
				PRODUCT_BUNDLE_IDENTIFIER = Learning.MVVM;
				PRODUCT_NAME = "$(TARGET_NAME)";
				SWIFT_VERSION = 5.0;
				TARGETED_DEVICE_FAMILY = "1,2";
			};
			name = Debug;
		};
		940B2A92250FB84800AEFA94 /* Release */ = {
			isa = XCBuildConfiguration;
			baseConfigurationReference = 7EF5B82C73527D2E6D10F988 /* Pods-MVVM.release.xcconfig */;
			buildSettings = {
				ASSETCATALOG_COMPILER_APPICON_NAME = AppIcon;
				CODE_SIGN_STYLE = Automatic;
				DEVELOPMENT_TEAM = TGMD963KYP;
				INFOPLIST_FILE = MVVM/Info.plist;
				LD_RUNPATH_SEARCH_PATHS = (
					"$(inherited)",
					"@executable_path/Frameworks",
				);
				PRODUCT_BUNDLE_IDENTIFIER = Learning.MVVM;
				PRODUCT_NAME = "$(TARGET_NAME)";
				SWIFT_VERSION = 5.0;
				TARGETED_DEVICE_FAMILY = "1,2";
			};
			name = Release;
		};
		940B2A94250FB84800AEFA94 /* Debug */ = {
			isa = XCBuildConfiguration;
			baseConfigurationReference = F8BAFB80A815906C403C5DA2 /* Pods-MVVMTests.debug.xcconfig */;
			buildSettings = {
				ALWAYS_EMBED_SWIFT_STANDARD_LIBRARIES = YES;
				BUNDLE_LOADER = "$(TEST_HOST)";
				CODE_SIGN_STYLE = Automatic;
				DEVELOPMENT_TEAM = TGMD963KYP;
				INFOPLIST_FILE = MVVMTests/Info.plist;
				IPHONEOS_DEPLOYMENT_TARGET = 13.2;
				LD_RUNPATH_SEARCH_PATHS = (
					"$(inherited)",
					"@executable_path/Frameworks",
					"@loader_path/Frameworks",
				);
				PRODUCT_BUNDLE_IDENTIFIER = Learning.MVVMTests;
				PRODUCT_NAME = "$(TARGET_NAME)";
				SWIFT_VERSION = 5.0;
				TARGETED_DEVICE_FAMILY = "1,2";
				TEST_HOST = "$(BUILT_PRODUCTS_DIR)/MVVM.app/MVVM";
			};
			name = Debug;
		};
		940B2A95250FB84800AEFA94 /* Release */ = {
			isa = XCBuildConfiguration;
			baseConfigurationReference = A26D779EB472457A4CA1D03F /* Pods-MVVMTests.release.xcconfig */;
			buildSettings = {
				ALWAYS_EMBED_SWIFT_STANDARD_LIBRARIES = YES;
				BUNDLE_LOADER = "$(TEST_HOST)";
				CODE_SIGN_STYLE = Automatic;
				DEVELOPMENT_TEAM = TGMD963KYP;
				INFOPLIST_FILE = MVVMTests/Info.plist;
				IPHONEOS_DEPLOYMENT_TARGET = 13.2;
				LD_RUNPATH_SEARCH_PATHS = (
					"$(inherited)",
					"@executable_path/Frameworks",
					"@loader_path/Frameworks",
				);
				PRODUCT_BUNDLE_IDENTIFIER = Learning.MVVMTests;
				PRODUCT_NAME = "$(TARGET_NAME)";
				SWIFT_VERSION = 5.0;
				TARGETED_DEVICE_FAMILY = "1,2";
				TEST_HOST = "$(BUILT_PRODUCTS_DIR)/MVVM.app/MVVM";
			};
			name = Release;
		};
/* End XCBuildConfiguration section */

/* Begin XCConfigurationList section */
		940B2A6C250FB84600AEFA94 /* Build configuration list for PBXProject "MVVM" */ = {
			isa = XCConfigurationList;
			buildConfigurations = (
				940B2A8E250FB84800AEFA94 /* Debug */,
				940B2A8F250FB84800AEFA94 /* Release */,
			);
			defaultConfigurationIsVisible = 0;
			defaultConfigurationName = Release;
		};
		940B2A90250FB84800AEFA94 /* Build configuration list for PBXNativeTarget "MVVM" */ = {
			isa = XCConfigurationList;
			buildConfigurations = (
				940B2A91250FB84800AEFA94 /* Debug */,
				940B2A92250FB84800AEFA94 /* Release */,
			);
			defaultConfigurationIsVisible = 0;
			defaultConfigurationName = Release;
		};
		940B2A93250FB84800AEFA94 /* Build configuration list for PBXNativeTarget "MVVMTests" */ = {
			isa = XCConfigurationList;
			buildConfigurations = (
				940B2A94250FB84800AEFA94 /* Debug */,
				940B2A95250FB84800AEFA94 /* Release */,
			);
			defaultConfigurationIsVisible = 0;
			defaultConfigurationName = Release;
		};
/* End XCConfigurationList section */
	};
	rootObject = 940B2A69250FB84600AEFA94 /* Project object */;
}
